{
  "name": "@wcallahan/javachat-cli",
  "version": "0.0.2",
  "lockfileVersion": 3,
  "requires": true,
  "packages": {
    "": {
      "name": "@wcallahan/javachat-cli",
      "version": "0.0.2",
      "license": "SEE LICENSE IN LICENSE.md",
      "os": [
        "darwin",
        "linux"
      ],
      "bin": {
        "javachat": "bin/javachat.js"
      },
      "engines": {
        "node": ">=24.18.0"
      }
    }
  }
}
